
Microsoft Visual Studio Solution File, Format Version 12.00
# Visual Studio 15
VisualStudioVersion = 15.0.28010.2048
MinimumVisualStudioVersion = 10.0.40219.1
Project("{FAE04EC0-301F-11D3-BF4B-00C04F79EFBC}") = "BackupMySQL", "BackupMySQL\BackupMySQL.csproj", "{2D452246-324D-4347-9001-9A59AFC00F15}"
EndProject
Global
	GlobalSection(SolutionConfigurationPlatforms) = preSolution
		Debug|Any CPU = Debug|Any CPU
		Release|Any CPU = Release|Any CPU
	EndGlobalSection
	GlobalSection(ProjectConfigurationPlatforms) = postSolution
		{2D452246-324D-4347-9001-9A59AFC00F15}.Debug|Any CPU.ActiveCfg = Debug|Any CPU
		{2D452246-324D-4347-9001-9A59AFC00F15}.Debug|Any CPU.Build.0 = Debug|Any CPU
		{2D452246-324D-4347-9001-9A59AFC00F15}.Release|Any CPU.ActiveCfg = Release|Any CPU
		{2D452246-324D-4347-9001-9A59AFC00F15}.Release|Any CPU.Build.0 = Release|Any CPU
	EndGlobalSection
	GlobalSection(SolutionProperties) = preSolution
		HideSolutionNode = FALSE
	EndGlobalSection
	GlobalSection(ExtensibilityGlobals) = postSolution
		SolutionGuid = {5EE73B14-6FD6-4F0C-B011-75932D82AAEF}
	EndGlobalSection
EndGlobal
